<?xml version="1.0" encoding="utf-8"?>
<Project ToolsVersion="4.0" xmlns="http://schemas.microsoft.com/developer/msbuild/2003">
  <ItemGroup>
    <Filter Include="Thread">
      <UniqueIdentifier>{80f5a72e-689c-48ae-a321-4a36b623307c}</UniqueIdentifier>
    </Filter>
    <Filter Include="Network">
      <UniqueIdentifier>{396b955d-550c-4af1-b973-3786a8511ab4}</UniqueIdentifier>
    </Filter>
    <Filter Include="Stat">
      <UniqueIdentifier>{aec5dded-544b-4beb-ac04-d1b5a536f345}</UniqueIdentifier>
    </Filter>
    <Filter Include="Player">
      <UniqueIdentifier>{bc9cf8bf-3765-4f6c-bebe-1fd406854be8}</UniqueIdentifier>
    </Filter>
    <Filter Include="GameObject">
      <UniqueIdentifier>{088ee11e-4005-4817-bc8c-a2eaf516e03a}</UniqueIdentifier>
    </Filter>
    <Filter Include="NPC">
      <UniqueIdentifier>{c76570bf-c247-4cd5-b36a-5c0ab214ce41}</UniqueIdentifier>
    </Filter>
    <Filter Include="Area">
      <UniqueIdentifier>{64a3523d-451f-4882-be6b-9684a8a8a762}</UniqueIdentifier>
    </Filter>
    <Filter Include="Script">
      <UniqueIdentifier>{b970337f-74cf-4e92-bd27-49825434e7e8}</UniqueIdentifier>
    </Filter>
  </ItemGroup>
  <ItemGroup>
    <ClInclude Include="protocol_2026.h" />
    <ClInclude Include="pch.h" />
    <ClInclude Include="WorkerThread.h">
      <Filter>Thread</Filter>
    </ClInclude>
    <ClInclude Include="TimerThread.h">
      <Filter>Thread</Filter>
    </ClInclude>
    <ClInclude Include="GameLogicThread.h">
      <Filter>Thread</Filter>
    </ClInclude>
    <ClInclude Include="Stat.h">
      <Filter>Stat</Filter>
    </ClInclude>
    <ClInclude Include="Global.h" />
    <ClInclude Include="Session.h">
      <Filter>Network</Filter>
    </ClInclude>
    <ClInclude Include="SessionManager.h">
      <Filter>Network</Filter>
    </ClInclude>
    <ClInclude Include="Player.h">
      <Filter>Player</Filter>
    </ClInclude>
    <ClInclude Include="NetworkManager.h">
      <Filter>Network</Filter>
    </ClInclude>
    <ClInclude Include="DBThread.h">
      <Filter>Thread</Filter>
    </ClInclude>
    <ClInclude Include="DBConnection.h">
      <Filter>Thread</Filter>
    </ClInclude>
    <ClInclude Include="DBConnectionPool.h">
      <Filter>Thread</Filter>
    </ClInclude>
    <ClInclude Include="UserDBHelper.h">
      <Filter>Thread</Filter>
    </ClInclude>
    <ClInclude Include="Sector.h">
      <Filter>Area</Filter>
    </ClInclude>
    <ClInclude Include="GameObject.h">
      <Filter>GameObject</Filter>
    </ClInclude>
    <ClInclude Include="ObjectManager.h">
      <Filter>GameObject</Filter>
    </ClInclude>
    <ClInclude Include="NPC.h">
      <Filter>NPC</Filter>
    </ClInclude>
    <ClInclude Include="ObjectSpawner.h">
      <Filter>GameObject</Filter>
    </ClInclude>
    <ClInclude Include="SectorManager.h">
      <Filter>Area</Filter>
    </ClInclude>
    <ClInclude Include="ScriptManager.h">
      <Filter>Script</Filter>
    </ClInclude>
    <ClInclude Include="Collision.h">
      <Filter>Area</Filter>
    </ClInclude>
  </ItemGroup>
  <ItemGroup>
    <ClCompile Include="GameServer.cpp" />
    <ClCompile Include="WorkerThread.cpp">
      <Filter>Thread</Filter>
    </ClCompile>
    <ClCompile Include="TimerThread.cpp">
      <Filter>Thread</Filter>
    </ClCompile>
    <ClCompile Include="GameLogicThread.cpp">
      <Filter>Thread</Filter>
    </ClCompile>
    <ClCompile Include="Session.cpp">
      <Filter>Network</Filter>
    </ClCompile>
    <ClCompile Include="SessionManager.cpp">
      <Filter>Network</Filter>
    </ClCompile>
    <ClCompile Include="Player.cpp">
      <Filter>Player</Filter>
    </ClCompile>
    <ClCompile Include="NetworkManager.cpp">
      <Filter>Network</Filter>
    </ClCompile>
    <ClCompile Include="pch.cpp" />
    <ClCompile Include="DBThread.cpp">
      <Filter>Thread</Filter>
    </ClCompile>
    <ClCompile Include="DBConnection.cpp">
      <Filter>Thread</Filter>
    </ClCompile>
    <ClCompile Include="DBConnectionPool.cpp">
      <Filter>Thread</Filter>
    </ClCompile>
    <ClCompile Include="UserDBHelper.cpp">
      <Filter>Thread</Filter>
    </ClCompile>
    <ClCompile Include="Sector.cpp">
      <Filter>Area</Filter>
    </ClCompile>
    <ClCompile Include="SectorManager.cpp">
      <Filter>Area</Filter>
    </ClCompile>
    <ClCompile Include="GameObject.cpp">
      <Filter>GameObject</Filter>
    </ClCompile>
    <ClCompile Include="ObjectManager.cpp">
      <Filter>GameObject</Filter>
    </ClCompile>
    <ClCompile Include="NPC.cpp">
      <Filter>NPC</Filter>
    </ClCompile>
    <ClCompile Include="ObjectSpawner.cpp">
      <Filter>GameObject</Filter>
    </ClCompile>
    <ClCompile Include="Stat.cpp">
      <Filter>Stat</Filter>
    </ClCompile>
    <ClCompile Include="ScriptManager.cpp">
      <Filter>Script</Filter>
    </ClCompile>
    <ClCompile Include="Collision.cpp">
      <Filter>Area</Filter>
    </ClCompile>
  </ItemGroup>
  <ItemGroup>
    <None Include="packages.config" />
    <None Include="map_data.lua">
      <Filter>Script</Filter>
    </None>
    <None Include="npc_data.lua">
      <Filter>Script</Filter>
    </None>
  </ItemGroup>
</Project>